// !$*UTF8*$!
{
	archiveVersion = 1;
	classes = {
	};
	objectVersion = 56;
	objects = {

/* Begin PBXBuildFile section */
		00D3F59E2E0E3FC3005CE8C2 /* FileUtils.swift in Sources */ = {isa = PBXBuildFile; fileRef = 00D3F59D2E0E3FAE005CE8C2 /* FileUtils.swift */; };
		00D3F59F2E0E3FC3005CE8C2 /* FileUtils.swift in Sources */ = {isa = PBXBuildFile; fileRef = 00D3F59D2E0E3FAE005CE8C2 /* FileUtils.swift */; };
		00D3F5A12E0E84C4005CE8C2 /* UnixSocketAsync.swift in Sources */ = {isa = PBXBuildFile; fileRef = 00D3F5A02E0E84BA005CE8C2 /* UnixSocketAsync.swift */; };
		00D3F5A22E0E84C4005CE8C2 /* UnixSocketAsync.swift in Sources */ = {isa = PBXBuildFile; fileRef = 00D3F5A02E0E84BA005CE8C2 /* UnixSocketAsync.swift */; };
		00D3F5A42E0E8C39005CE8C2 /* UnixSocketServer.swift in Sources */ = {isa = PBXBuildFile; fileRef = 00D3F5A32E0E8C39005CE8C2 /* UnixSocketServer.swift */; };
		00D3F5A52E0E8C39005CE8C2 /* UnixSocketServer.swift in Sources */ = {isa = PBXBuildFile; fileRef = 00D3F5A32E0E8C39005CE8C2 /* UnixSocketServer.swift */; };
		7D1667EE2E11430D00006B7A /* UnixSocketClient.swift in Sources */ = {isa = PBXBuildFile; fileRef = 7D1667ED2E11430D00006B7A /* UnixSocketClient.swift */; };
		7D1667EF2E11430D00006B7A /* UnixSocketClient.swift in Sources */ = {isa = PBXBuildFile; fileRef = 7D1667ED2E11430D00006B7A /* UnixSocketClient.swift */; };
		7DD574702DFE5F7C003BE880 /* AppDelegate.swift in Sources */ = {isa = PBXBuildFile; fileRef = 7DD5746F2DFE5F7C003BE880 /* AppDelegate.swift */; };
		7DD574722DFE5F7C003BE880 /* ViewController.swift in Sources */ = {isa = PBXBuildFile; fileRef = 7DD574712DFE5F7C003BE880 /* ViewController.swift */; };
		7DD574742DFE5F7E003BE880 /* Assets.xcassets in Resources */ = {isa = PBXBuildFile; fileRef = 7DD574732DFE5F7E003BE880 /* Assets.xcassets */; };
		7DD574772DFE5F7E003BE880 /* Main.storyboard in Resources */ = {isa = PBXBuildFile; fileRef = 7DD574752DFE5F7E003BE880 /* Main.storyboard */; };
		7DD574852DFE5FCE003BE880 /* FinderSync.swift in Sources */ = {isa = PBXBuildFile; fileRef = 7DD574842DFE5FCE003BE880 /* FinderSync.swift */; };
		7DD5748A2DFE5FCE003BE880 /* MacIconOverlaySyncExtension.appex in Embed Foundation Extensions */ = {isa = PBXBuildFile; fileRef = 7DD574822DFE5FCE003BE880 /* MacIconOverlaySyncExtension.appex */; settings = {ATTRIBUTES = (RemoveHeadersOnCopy, ); }; };
		7DD574922DFE641F003BE880 /* Assets.xcassets in Resources */ = {isa = PBXBuildFile; fileRef = 7DD574912DFE641F003BE880 /* Assets.xcassets */; };
		7DD574942DFE841C003BE880 /* Logger.swift in Sources */ = {isa = PBXBuildFile; fileRef = 7DD574932DFE841C003BE880 /* Logger.swift */; };
/* End PBXBuildFile section */

/* Begin PBXContainerItemProxy section */
		7DD574882DFE5FCE003BE880 /* PBXContainerItemProxy */ = {
			isa = PBXContainerItemProxy;
			containerPortal = 7DD574642DFE5F7C003BE880 /* Project object */;
			proxyType = 1;
			remoteGlobalIDString = 7DD574812DFE5FCE003BE880;
			remoteInfo = MacIconOverlaySyncExtension;
		};
/* End PBXContainerItemProxy section */

/* Begin PBXCopyFilesBuildPhase section */
		7DD5748E2DFE5FCE003BE880 /* Embed Foundation Extensions */ = {
			isa = PBXCopyFilesBuildPhase;
			buildActionMask = 2147483647;
			dstPath = "";
			dstSubfolderSpec = 13;
			files = (
				7DD5748A2DFE5FCE003BE880 /* MacIconOverlaySyncExtension.appex in Embed Foundation Extensions */,
			);
			name = "Embed Foundation Extensions";
			runOnlyForDeploymentPostprocessing = 0;
		};
/* End PBXCopyFilesBuildPhase section */

/* Begin PBXFileReference section */
		00D3F59D2E0E3FAE005CE8C2 /* FileUtils.swift */ = {isa = PBXFileReference; lastKnownFileType = sourcecode.swift; path = FileUtils.swift; sourceTree = "<group>"; };
		00D3F5A02E0E84BA005CE8C2 /* UnixSocketAsync.swift */ = {isa = PBXFileReference; lastKnownFileType = sourcecode.swift; path = UnixSocketAsync.swift; sourceTree = "<group>"; };
		00D3F5A32E0E8C39005CE8C2 /* UnixSocketServer.swift */ = {isa = PBXFileReference; lastKnownFileType = sourcecode.swift; path = UnixSocketServer.swift; sourceTree = "<group>"; };
		7D1667ED2E11430D00006B7A /* UnixSocketClient.swift */ = {isa = PBXFileReference; lastKnownFileType = sourcecode.swift; path = UnixSocketClient.swift; sourceTree = "<group>"; };
		7DD5746C2DFE5F7C003BE880 /* MacIconOverlay.app */ = {isa = PBXFileReference; explicitFileType = wrapper.application; includeInIndex = 0; path = MacIconOverlay.app; sourceTree = BUILT_PRODUCTS_DIR; };
		7DD5746F2DFE5F7C003BE880 /* AppDelegate.swift */ = {isa = PBXFileReference; lastKnownFileType = sourcecode.swift; path = AppDelegate.swift; sourceTree = "<group>"; };
		7DD574712DFE5F7C003BE880 /* ViewController.swift */ = {isa = PBXFileReference; lastKnownFileType = sourcecode.swift; path = ViewController.swift; sourceTree = "<group>"; };
		7DD574732DFE5F7E003BE880 /* Assets.xcassets */ = {isa = PBXFileReference; lastKnownFileType = folder.assetcatalog; path = Assets.xcassets; sourceTree = "<group>"; };
		7DD574762DFE5F7E003BE880 /* Base */ = {isa = PBXFileReference; lastKnownFileType = file.storyboard; name = Base; path = Base.lproj/Main.storyboard; sourceTree = "<group>"; };
		7DD574782DFE5F7E003BE880 /* MacIconOverlay.entitlements */ = {isa = PBXFileReference; lastKnownFileType = text.plist.entitlements; path = MacIconOverlay.entitlements; sourceTree = "<group>"; };
		7DD574822DFE5FCE003BE880 /* MacIconOverlaySyncExtension.appex */ = {isa = PBXFileReference; explicitFileType = "wrapper.app-extension"; includeInIndex = 0; path = MacIconOverlaySyncExtension.appex; sourceTree = BUILT_PRODUCTS_DIR; };
		7DD574842DFE5FCE003BE880 /* FinderSync.swift */ = {isa = PBXFileReference; lastKnownFileType = sourcecode.swift; path = FinderSync.swift; sourceTree = "<group>"; };
		7DD574862DFE5FCE003BE880 /* Info.plist */ = {isa = PBXFileReference; lastKnownFileType = text.plist.xml; path = Info.plist; sourceTree = "<group>"; };
		7DD574872DFE5FCE003BE880 /* MacIconOverlaySyncExtension.entitlements */ = {isa = PBXFileReference; lastKnownFileType = text.plist.entitlements; path = MacIconOverlaySyncExtension.entitlements; sourceTree = "<group>"; };
		7DD574912DFE641F003BE880 /* Assets.xcassets */ = {isa = PBXFileReference; lastKnownFileType = folder.assetcatalog; path = Assets.xcassets; sourceTree = "<group>"; };
		7DD574932DFE841C003BE880 /* Logger.swift */ = {isa = PBXFileReference; fileEncoding = 4; lastKnownFileType = sourcecode.swift; path = Logger.swift; sourceTree = "<group>"; };
/* End PBXFileReference section */

/* Begin PBXFrameworksBuildPhase section */
		7DD574692DFE5F7C003BE880 /* Frameworks */ = {
			isa = PBXFrameworksBuildPhase;
			buildActionMask = 2147483647;
			files = (
			);
			runOnlyForDeploymentPostprocessing = 0;
		};
		7DD5747F2DFE5FCE003BE880 /* Frameworks */ = {
			isa = PBXFrameworksBuildPhase;
			buildActionMask = 2147483647;
			files = (
			);
			runOnlyForDeploymentPostprocessing = 0;
		};
/* End PBXFrameworksBuildPhase section */

/* Begin PBXGroup section */
		000D9CA72E0A7EE000425BA6 /* Shared */ = {
			isa = PBXGroup;
			children = (
				00D3F5A32E0E8C39005CE8C2 /* UnixSocketServer.swift */,
				7D1667ED2E11430D00006B7A /* UnixSocketClient.swift */,
				00D3F59D2E0E3FAE005CE8C2 /* FileUtils.swift */,
				00D3F5A02E0E84BA005CE8C2 /* UnixSocketAsync.swift */,
			);
			path = Shared;
			sourceTree = "<group>";
		};
		7DD574632DFE5F7C003BE880 = {
			isa = PBXGroup;
			children = (
				000D9CA72E0A7EE000425BA6 /* Shared */,
				7DD5746E2DFE5F7C003BE880 /* MacIconOverlay */,
				7DD574832DFE5FCE003BE880 /* MacIconOverlaySyncExtension */,
				7DD5746D2DFE5F7C003BE880 /* Products */,
			);
			sourceTree = "<group>";
		};
		7DD5746D2DFE5F7C003BE880 /* Products */ = {
			isa = PBXGroup;
			children = (
				7DD5746C2DFE5F7C003BE880 /* MacIconOverlay.app */,
				7DD574822DFE5FCE003BE880 /* MacIconOverlaySyncExtension.appex */,
			);
			name = Products;
			sourceTree = "<group>";
		};
		7DD5746E2DFE5F7C003BE880 /* MacIconOverlay */ = {
			isa = PBXGroup;
			children = (
				7DD5746F2DFE5F7C003BE880 /* AppDelegate.swift */,
				7DD574712DFE5F7C003BE880 /* ViewController.swift */,
				7DD574732DFE5F7E003BE880 /* Assets.xcassets */,
				7DD574752DFE5F7E003BE880 /* Main.storyboard */,
				7DD574782DFE5F7E003BE880 /* MacIconOverlay.entitlements */,
			);
			path = MacIconOverlay;
			sourceTree = "<group>";
		};
		7DD574832DFE5FCE003BE880 /* MacIconOverlaySyncExtension */ = {
			isa = PBXGroup;
			children = (
				7DD574842DFE5FCE003BE880 /* FinderSync.swift */,
				7DD574932DFE841C003BE880 /* Logger.swift */,
				7DD574862DFE5FCE003BE880 /* Info.plist */,
				7DD574912DFE641F003BE880 /* Assets.xcassets */,
				7DD574872DFE5FCE003BE880 /* MacIconOverlaySyncExtension.entitlements */,
			);
			path = MacIconOverlaySyncExtension;
			sourceTree = "<group>";
		};
/* End PBXGroup section */

/* Begin PBXNativeTarget section */
		7DD5746B2DFE5F7C003BE880 /* MacIconOverlay */ = {
			isa = PBXNativeTarget;
			buildConfigurationList = 7DD5747B2DFE5F7E003BE880 /* Build configuration list for PBXNativeTarget "MacIconOverlay" */;
			buildPhases = (
				7DD574682DFE5F7C003BE880 /* Sources */,
				7DD574692DFE5F7C003BE880 /* Frameworks */,
				7DD5746A2DFE5F7C003BE880 /* Resources */,
				7DD5748E2DFE5FCE003BE880 /* Embed Foundation Extensions */,
			);
			buildRules = (
			);
			dependencies = (
				7DD574892DFE5FCE003BE880 /* PBXTargetDependency */,
			);
			name = MacIconOverlay;
			productName = MacIconOverlay;
			productReference = 7DD5746C2DFE5F7C003BE880 /* MacIconOverlay.app */;
			productType = "com.apple.product-type.application";
		};
		7DD574812DFE5FCE003BE880 /* MacIconOverlaySyncExtension */ = {
			isa = PBXNativeTarget;
			buildConfigurationList = 7DD5748B2DFE5FCE003BE880 /* Build configuration list for PBXNativeTarget "MacIconOverlaySyncExtension" */;
			buildPhases = (
				7DD5747E2DFE5FCE003BE880 /* Sources */,
				7DD5747F2DFE5FCE003BE880 /* Frameworks */,
				7DD574802DFE5FCE003BE880 /* Resources */,
			);
			buildRules = (
			);
			dependencies = (
			);
			name = MacIconOverlaySyncExtension;
			productName = MacIconOverlaySyncExtension;
			productReference = 7DD574822DFE5FCE003BE880 /* MacIconOverlaySyncExtension.appex */;
			productType = "com.apple.product-type.app-extension";
		};
/* End PBXNativeTarget section */

/* Begin PBXProject section */
		7DD574642DFE5F7C003BE880 /* Project object */ = {
			isa = PBXProject;
			attributes = {
				BuildIndependentTargetsInParallel = 1;
				LastSwiftUpdateCheck = 1430;
				LastUpgradeCheck = 1430;
				TargetAttributes = {
					7DD5746B2DFE5F7C003BE880 = {
						CreatedOnToolsVersion = 14.3.1;
					};
					7DD574812DFE5FCE003BE880 = {
						CreatedOnToolsVersion = 14.3.1;
					};
				};
			};
			buildConfigurationList = 7DD574672DFE5F7C003BE880 /* Build configuration list for PBXProject "MacIconOverlay" */;
			compatibilityVersion = "Xcode 14.0";
			developmentRegion = en;
			hasScannedForEncodings = 0;
			knownRegions = (
				en,
				Base,
			);
			mainGroup = 7DD574632DFE5F7C003BE880;
			productRefGroup = 7DD5746D2DFE5F7C003BE880 /* Products */;
			projectDirPath = "";
			projectRoot = "";
			targets = (
				7DD5746B2DFE5F7C003BE880 /* MacIconOverlay */,
				7DD574812DFE5FCE003BE880 /* MacIconOverlaySyncExtension */,
			);
		};
/* End PBXProject section */

/* Begin PBXResourcesBuildPhase section */
		7DD5746A2DFE5F7C003BE880 /* Resources */ = {
			isa = PBXResourcesBuildPhase;
			buildActionMask = 2147483647;
			files = (
				7DD574742DFE5F7E003BE880 /* Assets.xcassets in Resources */,
				7DD574772DFE5F7E003BE880 /* Main.storyboard in Resources */,
			);
			runOnlyForDeploymentPostprocessing = 0;
		};
		7DD574802DFE5FCE003BE880 /* Resources */ = {
			isa = PBXResourcesBuildPhase;
			buildActionMask = 2147483647;
			files = (
				7DD574922DFE641F003BE880 /* Assets.xcassets in Resources */,
			);
			runOnlyForDeploymentPostprocessing = 0;
		};
/* End PBXResourcesBuildPhase section */

/* Begin PBXSourcesBuildPhase section */
		7DD574682DFE5F7C003BE880 /* Sources */ = {
			isa = PBXSourcesBuildPhase;
			buildActionMask = 2147483647;
			files = (
				7DD574722DFE5F7C003BE880 /* ViewController.swift in Sources */,
				7DD574702DFE5F7C003BE880 /* AppDelegate.swift in Sources */,
				00D3F5A42E0E8C39005CE8C2 /* UnixSocketServer.swift in Sources */,
				7D1667EE2E11430D00006B7A /* UnixSocketClient.swift in Sources */,
				00D3F5A22E0E84C4005CE8C2 /* UnixSocketAsync.swift in Sources */,
				00D3F59F2E0E3FC3005CE8C2 /* FileUtils.swift in Sources */,
			);
			runOnlyForDeploymentPostprocessing = 0;
		};
		7DD5747E2DFE5FCE003BE880 /* Sources */ = {
			isa = PBXSourcesBuildPhase;
			buildActionMask = 2147483647;
			files = (
				7DD574852DFE5FCE003BE880 /* FinderSync.swift in Sources */,
				7DD574942DFE841C003BE880 /* Logger.swift in Sources */,
				00D3F5A52E0E8C39005CE8C2 /* UnixSocketServer.swift in Sources */,
				7D1667EF2E11430D00006B7A /* UnixSocketClient.swift in Sources */,
				00D3F5A12E0E84C4005CE8C2 /* UnixSocketAsync.swift in Sources */,
				00D3F59E2E0E3FC3005CE8C2 /* FileUtils.swift in Sources */,
			);
			runOnlyForDeploymentPostprocessing = 0;
		};
/* End PBXSourcesBuildPhase section */

/* Begin PBXTargetDependency section */
		7DD574892DFE5FCE003BE880 /* PBXTargetDependency */ = {
			isa = PBXTargetDependency;
			target = 7DD574812DFE5FCE003BE880 /* MacIconOverlaySyncExtension */;
			targetProxy = 7DD574882DFE5FCE003BE880 /* PBXContainerItemProxy */;
		};
/* End PBXTargetDependency section */

/* Begin PBXVariantGroup section */
		7DD574752DFE5F7E003BE880 /* Main.storyboard */ = {
			isa = PBXVariantGroup;
			children = (
				7DD574762DFE5F7E003BE880 /* Base */,
			);
			name = Main.storyboard;
			sourceTree = "<group>";
		};
/* End PBXVariantGroup section */

/* Begin XCBuildConfiguration section */
		7DD574792DFE5F7E003BE880 /* Debug */ = {
			isa = XCBuildConfiguration;
			buildSettings = {
				ALWAYS_SEARCH_USER_PATHS = NO;
				CLANG_ANALYZER_NONNULL = YES;
				CLANG_ANALYZER_NUMBER_OBJECT_CONVERSION = YES_AGGRESSIVE;
				CLANG_CXX_LANGUAGE_STANDARD = "gnu++20";
				CLANG_ENABLE_MODULES = YES;
				CLANG_ENABLE_OBJC_ARC = YES;
				CLANG_ENABLE_OBJC_WEAK = YES;
				CLANG_WARN_BLOCK_CAPTURE_AUTORELEASING = YES;
				CLANG_WARN_BOOL_CONVERSION = YES;
				CLANG_WARN_COMMA = YES;
				CLANG_WARN_CONSTANT_CONVERSION = YES;
				CLANG_WARN_DEPRECATED_OBJC_IMPLEMENTATIONS = YES;
				CLANG_WARN_DIRECT_OBJC_ISA_USAGE = YES_ERROR;
				CLANG_WARN_DOCUMENTATION_COMMENTS = YES;
				CLANG_WARN_EMPTY_BODY = YES;
				CLANG_WARN_ENUM_CONVERSION = YES;
				CLANG_WARN_INFINITE_RECURSION = YES;
				CLANG_WARN_INT_CONVERSION = YES;
				CLANG_WARN_NON_LITERAL_NULL_CONVERSION = YES;
				CLANG_WARN_OBJC_IMPLICIT_RETAIN_SELF = YES;
				CLANG_WARN_OBJC_LITERAL_CONVERSION = YES;
				CLANG_WARN_OBJC_ROOT_CLASS = YES_ERROR;
				CLANG_WARN_QUOTED_INCLUDE_IN_FRAMEWORK_HEADER = YES;
				CLANG_WARN_RANGE_LOOP_ANALYSIS = YES;
				CLANG_WARN_STRICT_PROTOTYPES = YES;
				CLANG_WARN_SUSPICIOUS_MOVE = YES;
				CLANG_WARN_UNGUARDED_AVAILABILITY = YES_AGGRESSIVE;
				CLANG_WARN_UNREACHABLE_CODE = YES;
				CLANG_WARN__DUPLICATE_METHOD_MATCH = YES;
				COPY_PHASE_STRIP = NO;
				DEBUG_INFORMATION_FORMAT = dwarf;
				ENABLE_STRICT_OBJC_MSGSEND = YES;
				ENABLE_TESTABILITY = YES;
				GCC_C_LANGUAGE_STANDARD = gnu11;
				GCC_DYNAMIC_NO_PIC = NO;
				GCC_NO_COMMON_BLOCKS = YES;
				GCC_OPTIMIZATION_LEVEL = 0;
				GCC_PREPROCESSOR_DEFINITIONS = (
					"DEBUG=1",
					"$(inherited)",
				);
				GCC_WARN_64_TO_32_BIT_CONVERSION = YES;
				GCC_WARN_ABOUT_RETURN_TYPE = YES_ERROR;
				GCC_WARN_UNDECLARED_SELECTOR = YES;
				GCC_WARN_UNINITIALIZED_AUTOS = YES_AGGRESSIVE;
				GCC_WARN_UNUSED_FUNCTION = YES;
				GCC_WARN_UNUSED_VARIABLE = YES;
				MACOSX_DEPLOYMENT_TARGET = 13.3;
				MTL_ENABLE_DEBUG_INFO = INCLUDE_SOURCE;
				MTL_FAST_MATH = YES;
				ONLY_ACTIVE_ARCH = YES;
				SDKROOT = macosx;
				SWIFT_ACTIVE_COMPILATION_CONDITIONS = DEBUG;
				SWIFT_OPTIMIZATION_LEVEL = "-Onone";
			};
			name = Debug;
		};
		7DD5747A2DFE5F7E003BE880 /* Release */ = {
			isa = XCBuildConfiguration;
			buildSettings = {
				ALWAYS_SEARCH_USER_PATHS = NO;
				CLANG_ANALYZER_NONNULL = YES;
				CLANG_ANALYZER_NUMBER_OBJECT_CONVERSION = YES_AGGRESSIVE;
				CLANG_CXX_LANGUAGE_STANDARD = "gnu++20";
				CLANG_ENABLE_MODULES = YES;
				CLANG_ENABLE_OBJC_ARC = YES;
				CLANG_ENABLE_OBJC_WEAK = YES;
				CLANG_WARN_BLOCK_CAPTURE_AUTORELEASING = YES;
				CLANG_WARN_BOOL_CONVERSION = YES;
				CLANG_WARN_COMMA = YES;
				CLANG_WARN_CONSTANT_CONVERSION = YES;
				CLANG_WARN_DEPRECATED_OBJC_IMPLEMENTATIONS = YES;
				CLANG_WARN_DIRECT_OBJC_ISA_USAGE = YES_ERROR;
				CLANG_WARN_DOCUMENTATION_COMMENTS = YES;
				CLANG_WARN_EMPTY_BODY = YES;
				CLANG_WARN_ENUM_CONVERSION = YES;
				CLANG_WARN_INFINITE_RECURSION = YES;
				CLANG_WARN_INT_CONVERSION = YES;
				CLANG_WARN_NON_LITERAL_NULL_CONVERSION = YES;
				CLANG_WARN_OBJC_IMPLICIT_RETAIN_SELF = YES;
				CLANG_WARN_OBJC_LITERAL_CONVERSION = YES;
				CLANG_WARN_OBJC_ROOT_CLASS = YES_ERROR;
				CLANG_WARN_QUOTED_INCLUDE_IN_FRAMEWORK_HEADER = YES;
				CLANG_WARN_RANGE_LOOP_ANALYSIS = YES;
				CLANG_WARN_STRICT_PROTOTYPES = YES;
				CLANG_WARN_SUSPICIOUS_MOVE = YES;
				CLANG_WARN_UNGUARDED_AVAILABILITY = YES_AGGRESSIVE;
				CLANG_WARN_UNREACHABLE_CODE = YES;
				CLANG_WARN__DUPLICATE_METHOD_MATCH = YES;
				COPY_PHASE_STRIP = NO;
				DEBUG_INFORMATION_FORMAT = "dwarf-with-dsym";
				ENABLE_NS_ASSERTIONS = NO;
				ENABLE_STRICT_OBJC_MSGSEND = YES;
				GCC_C_LANGUAGE_STANDARD = gnu11;
				GCC_NO_COMMON_BLOCKS = YES;
				GCC_WARN_64_TO_32_BIT_CONVERSION = YES;
				GCC_WARN_ABOUT_RETURN_TYPE = YES_ERROR;
				GCC_WARN_UNDECLARED_SELECTOR = YES;
				GCC_WARN_UNINITIALIZED_AUTOS = YES_AGGRESSIVE;
				GCC_WARN_UNUSED_FUNCTION = YES;
				GCC_WARN_UNUSED_VARIABLE = YES;
				MACOSX_DEPLOYMENT_TARGET = 13.3;
				MTL_ENABLE_DEBUG_INFO = NO;
				MTL_FAST_MATH = YES;
				SDKROOT = macosx;
				SWIFT_COMPILATION_MODE = wholemodule;
				SWIFT_OPTIMIZATION_LEVEL = "-O";
			};
			name = Release;
		};
		7DD5747C2DFE5F7E003BE880 /* Debug */ = {
			isa = XCBuildConfiguration;
			buildSettings = {
				ALWAYS_EMBED_SWIFT_STANDARD_LIBRARIES = YES;
				ASSETCATALOG_COMPILER_APPICON_NAME = AppIcon;
				ASSETCATALOG_COMPILER_GLOBAL_ACCENT_COLOR_NAME = AccentColor;
				CODE_SIGN_ENTITLEMENTS = MacIconOverlay/MacIconOverlay.entitlements;
				CODE_SIGN_STYLE = Automatic;
				COMBINE_HIDPI_IMAGES = YES;
				CURRENT_PROJECT_VERSION = 1;
				DEVELOPMENT_TEAM = ZGYE6H598Y;
				ENABLE_HARDENED_RUNTIME = YES;
				GENERATE_INFOPLIST_FILE = YES;
				INFOPLIST_KEY_NSHumanReadableCopyright = "";
				INFOPLIST_KEY_NSMainStoryboardFile = Main;
				INFOPLIST_KEY_NSPrincipalClass = NSApplication;
				LD_RUNPATH_SEARCH_PATHS = (
					"$(inherited)",
					"@executable_path/../Frameworks",
				);
				MARKETING_VERSION = 1.0;
				PRODUCT_BUNDLE_IDENTIFIER = com.xinxin.MacIconOverlay;
				PRODUCT_NAME = "$(TARGET_NAME)";
				SWIFT_EMIT_LOC_STRINGS = YES;
				SWIFT_VERSION = 5.0;
			};
			name = Debug;
		};
		7DD5747D2DFE5F7E003BE880 /* Release */ = {
			isa = XCBuildConfiguration;
			buildSettings = {
				ALWAYS_EMBED_SWIFT_STANDARD_LIBRARIES = YES;
				ASSETCATALOG_COMPILER_APPICON_NAME = AppIcon;
				ASSETCATALOG_COMPILER_GLOBAL_ACCENT_COLOR_NAME = AccentColor;
				CODE_SIGN_ENTITLEMENTS = MacIconOverlay/MacIconOverlay.entitlements;
				CODE_SIGN_STYLE = Automatic;
				COMBINE_HIDPI_IMAGES = YES;
				CURRENT_PROJECT_VERSION = 1;
				DEVELOPMENT_TEAM = ZGYE6H598Y;
				ENABLE_HARDENED_RUNTIME = YES;
				GENERATE_INFOPLIST_FILE = YES;
				INFOPLIST_KEY_NSHumanReadableCopyright = "";
				INFOPLIST_KEY_NSMainStoryboardFile = Main;
				INFOPLIST_KEY_NSPrincipalClass = NSApplication;
				LD_RUNPATH_SEARCH_PATHS = (
					"$(inherited)",
					"@executable_path/../Frameworks",
				);
				MARKETING_VERSION = 1.0;
				PRODUCT_BUNDLE_IDENTIFIER = com.xinxin.MacIconOverlay;
				PRODUCT_NAME = "$(TARGET_NAME)";
				SWIFT_EMIT_LOC_STRINGS = YES;
				SWIFT_VERSION = 5.0;
			};
			name = Release;
		};
		7DD5748C2DFE5FCE003BE880 /* Debug */ = {
			isa = XCBuildConfiguration;
			buildSettings = {
				CODE_SIGN_ENTITLEMENTS = MacIconOverlaySyncExtension/MacIconOverlaySyncExtension.entitlements;
				CODE_SIGN_STYLE = Automatic;
				COMBINE_HIDPI_IMAGES = YES;
				CURRENT_PROJECT_VERSION = 1;
				DEVELOPMENT_TEAM = ZGYE6H598Y;
				ENABLE_HARDENED_RUNTIME = YES;
				GENERATE_INFOPLIST_FILE = YES;
				INFOPLIST_FILE = MacIconOverlaySyncExtension/Info.plist;
				INFOPLIST_KEY_CFBundleDisplayName = MacIconOverlaySyncExtension;
				INFOPLIST_KEY_NSHumanReadableCopyright = "";
				LD_RUNPATH_SEARCH_PATHS = (
					"$(inherited)",
					"@executable_path/../Frameworks",
					"@executable_path/../../../../Frameworks",
				);
				MARKETING_VERSION = 1.0;
				PRODUCT_BUNDLE_IDENTIFIER = com.xinxin.MacIconOverlay.MacIconOverlaySyncExtension;
				PRODUCT_NAME = "$(TARGET_NAME)";
				SKIP_INSTALL = YES;
				SWIFT_EMIT_LOC_STRINGS = YES;
				SWIFT_VERSION = 5.0;
			};
			name = Debug;
		};
		7DD5748D2DFE5FCE003BE880 /* Release */ = {
			isa = XCBuildConfiguration;
			buildSettings = {
				CODE_SIGN_ENTITLEMENTS = MacIconOverlaySyncExtension/MacIconOverlaySyncExtension.entitlements;
				CODE_SIGN_STYLE = Automatic;
				COMBINE_HIDPI_IMAGES = YES;
				CURRENT_PROJECT_VERSION = 1;
				DEVELOPMENT_TEAM = ZGYE6H598Y;
				ENABLE_HARDENED_RUNTIME = YES;
				GENERATE_INFOPLIST_FILE = YES;
				INFOPLIST_FILE = MacIconOverlaySyncExtension/Info.plist;
				INFOPLIST_KEY_CFBundleDisplayName = MacIconOverlaySyncExtension;
				INFOPLIST_KEY_NSHumanReadableCopyright = "";
				LD_RUNPATH_SEARCH_PATHS = (
					"$(inherited)",
					"@executable_path/../Frameworks",
					"@executable_path/../../../../Frameworks",
				);
				MARKETING_VERSION = 1.0;
				PRODUCT_BUNDLE_IDENTIFIER = com.xinxin.MacIconOverlay.MacIconOverlaySyncExtension;
				PRODUCT_NAME = "$(TARGET_NAME)";
				SKIP_INSTALL = YES;
				SWIFT_EMIT_LOC_STRINGS = YES;
				SWIFT_VERSION = 5.0;
			};
			name = Release;
		};
/* End XCBuildConfiguration section */

/* Begin XCConfigurationList section */
		7DD574672DFE5F7C003BE880 /* Build configuration list for PBXProject "MacIconOverlay" */ = {
			isa = XCConfigurationList;
			buildConfigurations = (
				7DD574792DFE5F7E003BE880 /* Debug */,
				7DD5747A2DFE5F7E003BE880 /* Release */,
			);
			defaultConfigurationIsVisible = 0;
			defaultConfigurationName = Release;
		};
		7DD5747B2DFE5F7E003BE880 /* Build configuration list for PBXNativeTarget "MacIconOverlay" */ = {
			isa = XCConfigurationList;
			buildConfigurations = (
				7DD5747C2DFE5F7E003BE880 /* Debug */,
				7DD5747D2DFE5F7E003BE880 /* Release */,
			);
			defaultConfigurationIsVisible = 0;
			defaultConfigurationName = Release;
		};
		7DD5748B2DFE5FCE003BE880 /* Build configuration list for PBXNativeTarget "MacIconOverlaySyncExtension" */ = {
			isa = XCConfigurationList;
			buildConfigurations = (
				7DD5748C2DFE5FCE003BE880 /* Debug */,
				7DD5748D2DFE5FCE003BE880 /* Release */,
			);
			defaultConfigurationIsVisible = 0;
			defaultConfigurationName = Release;
		};
/* End XCConfigurationList section */
	};
	rootObject = 7DD574642DFE5F7C003BE880 /* Project object */;
}
